
Microsoft Visual Studio Solution File, Format Version 12.00
# Visual Studio 2012
Project("{FAE04EC0-301F-11D3-BF4B-00C04F79EFBC}") = "ClientApplication", "ConsoleApplication1\ClientApplication.csproj", "{5DA7B42F-07C0-4A8E-83CA-88E242CA57B7}"
EndProject
Project("{FAE04EC0-301F-11D3-BF4B-00C04F79EFBC}") = "ClassLibrary", "ClassLibrary1\ClassLibrary.csproj", "{77624507-21C6-4F17-BBB5-A9FAA4B59552}"
EndProject
Project("{FAE04EC0-301F-11D3-BF4B-00C04F79EFBC}") = "UnitTestProject", "UnitTestProject1\UnitTestProject.csproj", "{2A523452-7333-4EB2-978F-3AA81FB0EB97}"
EndProject
Project("{FAE04EC0-301F-11D3-BF4B-00C04F79EFBC}") = "Dal", "Dal\Dal.csproj", "{D8A50C3E-1DB8-4954-8762-28A00E380978}"
EndProject
Project("{FAE04EC0-301F-11D3-BF4B-00C04F79EFBC}") = "Models", "Models\Models.csproj", "{62425C60-472A-4B18-A135-CD7E079611A6}"
EndProject
Project("{FAE04EC0-301F-11D3-BF4B-00C04F79EFBC}") = "Shared", "Shared\Shared.csproj", "{A4D03378-09B8-4484-BB4A-315331AAB339}"
EndProject
Global
	GlobalSection(SolutionConfigurationPlatforms) = preSolution
		Debug|Any CPU = Debug|Any CPU
		Release|Any CPU = Release|Any CPU
	EndGlobalSection
	GlobalSection(ProjectConfigurationPlatforms) = postSolution
		{5DA7B42F-07C0-4A8E-83CA-88E242CA57B7}.Debug|Any CPU.ActiveCfg = Debug|Any CPU
		{5DA7B42F-07C0-4A8E-83CA-88E242CA57B7}.Debug|Any CPU.Build.0 = Debug|Any CPU
		{5DA7B42F-07C0-4A8E-83CA-88E242CA57B7}.Release|Any CPU.ActiveCfg = Release|Any CPU
		{5DA7B42F-07C0-4A8E-83CA-88E242CA57B7}.Release|Any CPU.Build.0 = Release|Any CPU
		{77624507-21C6-4F17-BBB5-A9FAA4B59552}.Debug|Any CPU.ActiveCfg = Debug|Any CPU
		{77624507-21C6-4F17-BBB5-A9FAA4B59552}.Debug|Any CPU.Build.0 = Debug|Any CPU
		{77624507-21C6-4F17-BBB5-A9FAA4B59552}.Release|Any CPU.ActiveCfg = Release|Any CPU
		{77624507-21C6-4F17-BBB5-A9FAA4B59552}.Release|Any CPU.Build.0 = Release|Any CPU
		{2A523452-7333-4EB2-978F-3AA81FB0EB97}.Debug|Any CPU.ActiveCfg = Debug|Any CPU
		{2A523452-7333-4EB2-978F-3AA81FB0EB97}.Debug|Any CPU.Build.0 = Debug|Any CPU
		{2A523452-7333-4EB2-978F-3AA81FB0EB97}.Release|Any CPU.ActiveCfg = Release|Any CPU
		{2A523452-7333-4EB2-978F-3AA81FB0EB97}.Release|Any CPU.Build.0 = Release|Any CPU
		{D8A50C3E-1DB8-4954-8762-28A00E380978}.Debug|Any CPU.ActiveCfg = Debug|Any CPU
		{D8A50C3E-1DB8-4954-8762-28A00E380978}.Debug|Any CPU.Build.0 = Debug|Any CPU
		{D8A50C3E-1DB8-4954-8762-28A00E380978}.Release|Any CPU.ActiveCfg = Release|Any CPU
		{D8A50C3E-1DB8-4954-8762-28A00E380978}.Release|Any CPU.Build.0 = Release|Any CPU
		{62425C60-472A-4B18-A135-CD7E079611A6}.Debug|Any CPU.ActiveCfg = Debug|Any CPU
		{62425C60-472A-4B18-A135-CD7E079611A6}.Debug|Any CPU.Build.0 = Debug|Any CPU
		{62425C60-472A-4B18-A135-CD7E079611A6}.Release|Any CPU.ActiveCfg = Release|Any CPU
		{62425C60-472A-4B18-A135-CD7E079611A6}.Release|Any CPU.Build.0 = Release|Any CPU
		{A4D03378-09B8-4484-BB4A-315331AAB339}.Debug|Any CPU.ActiveCfg = Debug|Any CPU
		{A4D03378-09B8-4484-BB4A-315331AAB339}.Debug|Any CPU.Build.0 = Debug|Any CPU
		{A4D03378-09B8-4484-BB4A-315331AAB339}.Release|Any CPU.ActiveCfg = Release|Any CPU
		{A4D03378-09B8-4484-BB4A-315331AAB339}.Release|Any CPU.Build.0 = Release|Any CPU
	EndGlobalSection
	GlobalSection(SolutionProperties) = preSolution
		HideSolutionNode = FALSE
	EndGlobalSection
EndGlobal
